PODS:
  - LibWally (0.0.1)

DEPENDENCIES:
  - "LibWally (from `git@github.com:blockchain/libwally-swift.git`, commit `fc38082243575a7b5c626272790cb764062a836b`)"

EXTERNAL SOURCES:
  LibWally:
    :commit: fc38082243575a7b5c626272790cb764062a836b
    :git: "git@github.com:blockchain/libwally-swift.git"
    :submodules: true

CHECKOUT OPTIONS:
  LibWally:
    :commit: fc38082243575a7b5c626272790cb764062a836b
    :git: "git@github.com:blockchain/libwally-swift.git"
    :submodules: true

SPEC CHECKSUMS:
  LibWally: 37b7c926e9aa02cc7d4c5a2a2a3a4f8925ea5038

PODFILE CHECKSUM: 393014ec53b36725b2dd86f97d93f1e6c8085c51

COCOAPODS: 1.9.1
