{
  "object": {
    "pins": [
      {
        "package": "BigInt",
        "repositoryURL": "git@github.com:attaswift/BigInt.git",
        "state": {
          "branch": null,
          "revision": "889a1ecacd73ccc189c5cb29288048f186c44ed9",
          "version": "5.2.1"
        }
      },
      {
        "package": "combine-schedulers",
        "repositoryURL": "https://github.com/pointfreeco/combine-schedulers",
        "state": {
          "branch": null,
          "revision": "6dcc7c034d28fe7ac652453faeae07656f723909",
          "version": "0.5.1"
        }
      },
      {
        "package": "CombineExt",
        "repositoryURL": "https://github.com/CombineCommunity/CombineExt.git",
        "state": {
          "branch": null,
          "revision": "5b8a0c0f178527f9204200505c5fefa6847e528f",
          "version": "1.3.0"
        }
      },
      {
        "package": "CryptoSwift",
        "repositoryURL": "https://github.com/krzyzanowskim/CryptoSwift.git",
        "state": {
          "branch": null,
          "revision": "8d4f6384e0a8cc41f2005247241dd553963a492a",
          "version": "1.4.1"
        }
      },
      {
        "package": "DIKit",
        "repositoryURL": "git@github.com:jackpooleybc/DIKit.git",
        "state": {
          "branch": "safe-property-wrappers",
          "revision": "1d20369ab59d123b4d0bf85dffbe045f4f405ec1",
          "version": null
        }
      },
      {
        "package": "RxCombine",
        "repositoryURL": "git@github.com:paulo-bc/RxCombine.git",
        "state": {
          "branch": null,
          "revision": "0762454fba26dcf315aaa7ac5ed5fbdecd50fef2",
          "version": "1.6.2"
        }
      },
      {
        "package": "RxSwift",
        "repositoryURL": "git@github.com:ReactiveX/RxSwift.git",
        "state": {
          "branch": null,
          "revision": "cec68169a048a079f461ba203fe85636548d7a89",
          "version": "5.1.3"
        }
      },
      {
        "package": "swift-case-paths",
        "repositoryURL": "https://github.com/pointfreeco/swift-case-paths",
        "state": {
          "branch": null,
          "revision": "d226d167bd4a68b51e352af5655c92bce8ee0463",
          "version": "0.7.0"
        }
      },
      {
        "package": "swift-collections",
        "repositoryURL": "https://github.com/apple/swift-collections",
        "state": {
          "branch": null,
          "revision": "0959ba76a1d4a98fd11163aa83fd49c25b93bfae",
          "version": "0.0.5"
        }
      },
      {
        "package": "swift-composable-architecture",
        "repositoryURL": "https://github.com/pointfreeco/swift-composable-architecture",
        "state": {
          "branch": null,
          "revision": "96cdc7e38e2d1d89b95b0ad80c914eb369476c4b",
          "version": "0.24.0"
        }
      },
      {
        "package": "swift-identified-collections",
        "repositoryURL": "https://github.com/pointfreeco/swift-identified-collections",
        "state": {
          "branch": null,
          "revision": "edececbdb56b07e9402f2f3f5b907d220a28b4ea",
          "version": "0.1.1"
        }
      },
      {
        "package": "SnapshotTesting",
        "repositoryURL": "https://github.com/pointfreeco/swift-snapshot-testing",
        "state": {
          "branch": null,
          "revision": "f8a9c997c3c1dab4e216a8ec9014e23144cbab37",
          "version": "1.9.0"
        }
      },
      {
        "package": "WalletCore",
        "repositoryURL": "git@github.com:oliveratkinson-bc/wallet-core.git",
        "state": {
          "branch": null,
          "revision": "44bf856ce6cea5d804c2182804e8659dc59fc82a",
          "version": null
        }
      },
      {
        "package": "xctest-dynamic-overlay",
        "repositoryURL": "https://github.com/pointfreeco/xctest-dynamic-overlay",
        "state": {
          "branch": null,
          "revision": "b9eeb1a7ea3fd6fea54ce57dee2f5794b667c8df",
          "version": "0.2.0"
        }
      },
      {
        "package": "Zxcvbn",
        "repositoryURL": "git@github.com:oliveratkinson-bc/zxcvbn-ios.git",
        "state": {
          "branch": "swift-package-manager",
          "revision": "bb9e884fdfa75d4cc2cddc2419f6a4818e164361",
          "version": null
        }
      }
    ]
  },
  "version": 1
}
