{
  "pins" : [
    {
      "identity" : "bigint",
      "kind" : "remoteSourceControl",
      "location" : "https://github.com/attaswift/BigInt.git",
      "state" : {
        "revision" : "0ed110f7555c34ff468e72e1686e59721f2b0da6",
        "version" : "5.3.0"
      }
    },
    {
      "identity" : "charts",
      "kind" : "remoteSourceControl",
      "location" : "https://github.com/danielgindi/Charts.git",
      "state" : {
        "revision" : "66546404a6739173b8e436ab6bc1f2897cd08594",
        "version" : "3.6.0"
      }
    },
    {
      "identity" : "checkout-event-logger-ios-framework",
      "kind" : "remoteSourceControl",
      "location" : "https://github.com/checkout/checkout-event-logger-ios-framework.git",
      "state" : {
        "revision" : "2ef34662f1525526aeb5681c6af5f69572ab36c9",
        "version" : "1.2.0"
      }
    },
    {
      "identity" : "combine-schedulers",
      "kind" : "remoteSourceControl",
      "location" : "https://github.com/pointfreeco/combine-schedulers",
      "state" : {
        "revision" : "0ba3a562716efabb585ccb169450c5389107286b",
        "version" : "0.6.0"
      }
    },
    {
      "identity" : "cryptoswift",
      "kind" : "remoteSourceControl",
      "location" : "https://github.com/krzyzanowskim/CryptoSwift.git",
      "state" : {
        "revision" : "12f2389aca4a07e0dd54c86ec23d0721ed88b8db",
        "version" : "1.4.3"
      }
    },
    {
      "identity" : "dikit",
      "kind" : "remoteSourceControl",
      "location" : "https://github.com/jackpooleybc/DIKit.git",
      "state" : {
        "branch" : "safe-property-wrappers",
        "revision" : "1d20369ab59d123b4d0bf85dffbe045f4f405ec1"
      }
    },
    {
      "identity" : "frames-ios",
      "kind" : "remoteSourceControl",
      "location" : "https://github.com/checkout/frames-ios.git",
      "state" : {
        "revision" : "659b4c58b0987fc68d197e21dcb0ec90e55a4fc0",
        "version" : "3.5.3"
      }
    },
    {
      "identity" : "gifu",
      "kind" : "remoteSourceControl",
      "location" : "https://github.com/kaishin/Gifu",
      "state" : {
        "revision" : "51f2eab32903e336f590c013267cfa4d7f8b06c4",
        "version" : "3.3.1"
      }
    },
    {
      "identity" : "lexicon",
      "kind" : "remoteSourceControl",
      "location" : "https://github.com/screensailor/Lexicon",
      "state" : {
        "revision" : "160c4c417f8490658a8396d0283fb0d6fb98c327"
      }
    },
    {
      "identity" : "lottie-ios",
      "kind" : "remoteSourceControl",
      "location" : "https://github.com/airbnb/lottie-ios.git",
      "state" : {
        "revision" : "246bab7ef72bad56abefb88e84a08871cecf9cb8",
        "version" : "3.4.0"
      }
    },
    {
      "identity" : "metadatahdwalletkit",
      "kind" : "remoteSourceControl",
      "location" : "https://github.com/jackpooleybc/MetadataHDWalletKit",
      "state" : {
        "revision" : "cbd5bc9e2dfd9720a348c09392947fd37a83b304"
      }
    },
    {
      "identity" : "nuke",
      "kind" : "remoteSourceControl",
      "location" : "https://github.com/kean/Nuke.git",
      "state" : {
        "revision" : "a002b7fd786f2df2ed4333fe73a9727499fd9d97",
        "version" : "10.11.2"
      }
    },
    {
      "identity" : "nukeui",
      "kind" : "remoteSourceControl",
      "location" : "https://github.com/kean/NukeUI.git",
      "state" : {
        "revision" : "db55022a8e483774ebbf3568727071477546d9ea",
        "version" : "0.8.3"
      }
    },
    {
      "identity" : "phonenumberkit",
      "kind" : "remoteSourceControl",
      "location" : "https://github.com/marmelroy/PhoneNumberKit.git",
      "state" : {
        "revision" : "f6f6a5bb381ecb180324bc10fa68c01370bf952e",
        "version" : "3.4.3"
      }
    },
    {
      "identity" : "ribs",
      "kind" : "remoteSourceControl",
      "location" : "https://github.com/uber/RIBs.git",
      "state" : {
        "revision" : "4220cbf013383418af14cce4aae96b3822806de3",
        "version" : "0.13.0"
      }
    },
    {
      "identity" : "rxdatasources",
      "kind" : "remoteSourceControl",
      "location" : "https://github.com/RxSwiftCommunity/RxDataSources.git",
      "state" : {
        "revision" : "90c29b48b628479097fe775ed1966d75ac374518",
        "version" : "5.0.2"
      }
    },
    {
      "identity" : "rxswift",
      "kind" : "remoteSourceControl",
      "location" : "https://github.com/ReactiveX/RxSwift.git",
      "state" : {
        "revision" : "b4307ba0b6425c0ba4178e138799946c3da594f8",
        "version" : "6.5.0"
      }
    },
    {
      "identity" : "secp256k1.swift",
      "kind" : "remoteSourceControl",
      "location" : "https://github.com/Boilertalk/secp256k1.swift.git",
      "state" : {
        "revision" : "45e458ec3be46cf0a6eb68bc947f797852dc65d8",
        "version" : "0.1.6"
      }
    },
    {
      "identity" : "stellar-ios-mac-sdk",
      "kind" : "remoteSourceControl",
      "location" : "https://github.com/Soneso/stellar-ios-mac-sdk.git",
      "state" : {
        "revision" : "51ecd492dd03eb0ace271fc20a10135959c62721",
        "version" : "2.2.1"
      }
    },
    {
      "identity" : "stripe-ios",
      "kind" : "remoteSourceControl",
      "location" : "https://github.com/stripe/stripe-ios",
      "state" : {
        "revision" : "ef0c465f84402af07565d637ffb5952d3d2cc37b",
        "version" : "22.6.0"
      }
    },
    {
      "identity" : "swift-algorithms",
      "kind" : "remoteSourceControl",
      "location" : "https://github.com/apple/swift-algorithms.git",
      "state" : {
        "revision" : "b14b7f4c528c942f121c8b860b9410b2bf57825e",
        "version" : "1.0.0"
      }
    },
    {
      "identity" : "swift-argument-parser",
      "kind" : "remoteSourceControl",
      "location" : "https://github.com/apple/swift-argument-parser",
      "state" : {
        "revision" : "83b23d940471b313427da226196661856f6ba3e0",
        "version" : "0.4.4"
      }
    },
    {
      "identity" : "swift-case-paths",
      "kind" : "remoteSourceControl",
      "location" : "https://github.com/pointfreeco/swift-case-paths",
      "state" : {
        "revision" : "a09839348486db8866f85a727b8550be1d671c50",
        "version" : "0.9.1"
      }
    },
    {
      "identity" : "swift-cmark",
      "kind" : "remoteSourceControl",
      "location" : "https://github.com/apple/swift-cmark.git",
      "state" : {
        "branch" : "gfm",
        "revision" : "476f7b4fcf12eba381b4aaed8987006fd8fcec9c"
      }
    },
    {
      "identity" : "swift-collections",
      "kind" : "remoteSourceControl",
      "location" : "https://github.com/apple/swift-collections",
      "state" : {
        "revision" : "48254824bb4248676bf7ce56014ff57b142b77eb",
        "version" : "1.0.2"
      }
    },
    {
      "identity" : "swift-composable-architecture",
      "kind" : "remoteSourceControl",
      "location" : "https://github.com/pointfreeco/swift-composable-architecture",
      "state" : {
        "revision" : "0a38f2c860a64a005afeb8a6fe186eb2818c9a3f",
        "version" : "0.38.3"
      }
    },
    {
      "identity" : "swift-custom-dump",
      "kind" : "remoteSourceControl",
      "location" : "https://github.com/pointfreeco/swift-custom-dump",
      "state" : {
        "revision" : "21ec1d717c07cea5a026979cb0471dd95c7087e7",
        "version" : "0.5.0"
      }
    },
    {
      "identity" : "swift-identified-collections",
      "kind" : "remoteSourceControl",
      "location" : "https://github.com/pointfreeco/swift-identified-collections",
      "state" : {
        "revision" : "2d6b7ffcc67afd9077fac5e5a29bcd6d39b71076",
        "version" : "0.4.0"
      }
    },
    {
      "identity" : "swift-markdown",
      "kind" : "remoteSourceControl",
      "location" : "https://github.com/apple/swift-markdown.git",
      "state" : {
        "revision" : "1023300b1d6847360ac9ceebbcff2bccacbcf2a5"
      }
    },
    {
      "identity" : "swift-numerics",
      "kind" : "remoteSourceControl",
      "location" : "https://github.com/apple/swift-numerics",
      "state" : {
        "revision" : "0a5bc04095a675662cf24757cc0640aa2204253b",
        "version" : "1.0.2"
      }
    },
    {
      "identity" : "swift-parsing",
      "kind" : "remoteSourceControl",
      "location" : "https://github.com/pointfreeco/swift-parsing",
      "state" : {
        "revision" : "bc92e84968990b41640214b636667f35b6e5d44c",
        "version" : "0.10.0"
      }
    },
    {
      "identity" : "swift-snapshot-testing",
      "kind" : "remoteSourceControl",
      "location" : "https://github.com/pointfreeco/swift-snapshot-testing",
      "state" : {
        "revision" : "f8a9c997c3c1dab4e216a8ec9014e23144cbab37",
        "version" : "1.9.0"
      }
    },
    {
      "identity" : "veriff-ios-spm",
      "kind" : "remoteSourceControl",
      "location" : "https://github.com/Veriff/veriff-ios-spm.git",
      "state" : {
        "revision" : "0c00e567e0f1317e7b2a5a80c419166b9202e5fd",
        "version" : "4.17.0"
      }
    },
    {
      "identity" : "wallet-core",
      "kind" : "remoteSourceControl",
      "location" : "https://github.com/oliveratkinson-bc/wallet-core.git",
      "state" : {
        "revision" : "5b4f031f62ad9acea38da1da30aa5678e001aa96",
        "version" : "2.6.36-blockchain"
      }
    },
    {
      "identity" : "xctest-dynamic-overlay",
      "kind" : "remoteSourceControl",
      "location" : "https://github.com/pointfreeco/xctest-dynamic-overlay",
      "state" : {
        "revision" : "ef8e14e7ce1c0c304c644c6ba365d06c468ded6b",
        "version" : "0.3.3"
      }
    },
    {
      "identity" : "yenombitcoinkit",
      "kind" : "remoteSourceControl",
      "location" : "https://github.com/paulo-bc/YenomBitcoinKit.git",
      "state" : {
        "branch" : "paulo/dust-mixing",
        "revision" : "491bd82496575108a52fa466b6d24d8e15634550"
      }
    },
    {
      "identity" : "zxcvbn-ios",
      "kind" : "remoteSourceControl",
      "location" : "https://github.com/oliveratkinson-bc/zxcvbn-ios.git",
      "state" : {
        "branch" : "swift-package-manager",
        "revision" : "c0db9d5278bbc07b28937278406cc042e4bebf68"
      }
    }
  ],
  "version" : 2
}
