{
  "object": {
    "pins": [
      {
        "package": "swift-composable-architecture",
        "repositoryURL": "https://github.com/pointfreeco/swift-composable-architecture",
        "state": {
          "branch": null,
          "revision": "ba9c626ab1b2b6af8cf684eebb2ab472fa5b6753",
          "version": "0.33.1"
        }
      }
    ]
  },
  "version": 1
}
